<?xml version="1.0" encoding="utf-8"?>
<Project ToolsVersion="4.0" xmlns="http://schemas.microsoft.com/developer/msbuild/2003">
  <ItemGroup>
    <Filter Include="Source Files">
      <UniqueIdentifier>{1f2f8280-982d-4d08-9ee3-77aa40075b98}</UniqueIdentifier>
      <Extensions>cpp;c;cxx;rc;def;r;odl;idl;hpj;bat</Extensions>
    </Filter>
    <Filter Include="Header Files">
      <UniqueIdentifier>{16586188-ff32-4199-a515-f5a8fb020e68}</UniqueIdentifier>
      <Extensions>h;hpp;hxx;hm;inl</Extensions>
    </Filter>
  </ItemGroup>
  <ItemGroup>
    <ClCompile Include="..\rcbot2\bot_plugin_meta.cpp">
      <Filter>Source Files</Filter>
    </ClCompile>
    <ClCompile Include="..\rcbot2\bot.cpp">
      <Filter>Source Files</Filter>
    </ClCompile>
    <ClCompile Include="..\rcbot2\bot_buttons.cpp">
      <Filter>Source Files</Filter>
    </ClCompile>
    <ClCompile Include="..\rcbot2\bot_client.cpp">
      <Filter>Source Files</Filter>
    </ClCompile>
    <ClCompile Include="..\rcbot2\bot_commands.cpp">
      <Filter>Source Files</Filter>
    </ClCompile>
    <ClCompile Include="..\rcbot2\bot_configfile.cpp">
      <Filter>Source Files</Filter>
    </ClCompile>
    <ClCompile Include="..\rcbot2\bot_cvars.cpp">
      <Filter>Source Files</Filter>
    </ClCompile>
    <ClCompile Include="..\rcbot2\bot_events.cpp">
      <Filter>Source Files</Filter>
    </ClCompile>
    <ClCompile Include="..\rcbot2\bot_fortress.cpp">
      <Filter>Source Files</Filter>
    </ClCompile>
    <ClCompile Include="..\rcbot2\bot_ga.cpp">
      <Filter>Source Files</Filter>
    </ClCompile>
    <ClCompile Include="..\rcbot2\bot_ga_ind.cpp">
      <Filter>Source Files</Filter>
    </ClCompile>
    <ClCompile Include="..\rcbot2\bot_getprop.cpp">
      <Filter>Source Files</Filter>
    </ClCompile>
    <ClCompile Include="..\rcbot2\bot_globals.cpp">
      <Filter>Source Files</Filter>
    </ClCompile>
    <ClCompile Include="..\rcbot2\bot_kv.cpp">
      <Filter>Source Files</Filter>
    </ClCompile>
    <ClCompile Include="..\rcbot2\bot_menu.cpp">
      <Filter>Source Files</Filter>
    </ClCompile>
    <ClCompile Include="..\rcbot2\bot_mods.cpp">
      <Filter>Source Files</Filter>
    </ClCompile>
    <ClCompile Include="..\rcbot2\bot_mtrand.cpp">
      <Filter>Source Files</Filter>
    </ClCompile>
    <ClCompile Include="..\rcbot2\bot_navmesh.cpp">
      <Filter>Source Files</Filter>
    </ClCompile>
    <ClCompile Include="..\rcbot2\bot_perceptron.cpp">
      <Filter>Source Files</Filter>
    </ClCompile>
    <ClCompile Include="..\rcbot2\bot_profile.cpp">
      <Filter>Source Files</Filter>
    </ClCompile>
    <ClCompile Include="..\rcbot2\bot_profiling.cpp">
      <Filter>Source Files</Filter>
    </ClCompile>
    <ClCompile Include="..\rcbot2\bot_schedule.cpp">
      <Filter>Source Files</Filter>
    </ClCompile>
    <ClCompile Include="..\rcbot2\bot_sigscan.cpp">
      <Filter>Source Files</Filter>
    </ClCompile>
    <ClCompile Include="..\rcbot2\bot_som.cpp">
      <Filter>Source Files</Filter>
    </ClCompile>
    <ClCompile Include="..\rcbot2\bot_squads.cpp">
      <Filter>Source Files</Filter>
    </ClCompile>
    <ClCompile Include="..\rcbot2\bot_strings.cpp">
      <Filter>Source Files</Filter>
    </ClCompile>
    <ClCompile Include="..\rcbot2\bot_task.cpp">
      <Filter>Source Files</Filter>
    </ClCompile>
    <ClCompile Include="..\rcbot2\bot_tf2_mod.cpp">
      <Filter>Source Files</Filter>
    </ClCompile>
    <ClCompile Include="..\rcbot2\bot_tf2_points.cpp">
      <Filter>Source Files</Filter>
    </ClCompile>
    <ClCompile Include="..\rcbot2\bot_usercmd.cpp">
      <Filter>Source Files</Filter>
    </ClCompile>
    <ClCompile Include="..\rcbot2\bot_utility.cpp">
      <Filter>Source Files</Filter>
    </ClCompile>
    <ClCompile Include="..\rcbot2\bot_visibles.cpp">
      <Filter>Source Files</Filter>
    </ClCompile>
    <ClCompile Include="..\rcbot2\bot_waypoint.cpp">
      <Filter>Source Files</Filter>
    </ClCompile>
    <ClCompile Include="..\rcbot2\bot_waypoint_locations.cpp">
      <Filter>Source Files</Filter>
    </ClCompile>
    <ClCompile Include="..\rcbot2\bot_waypoint_visibility.cpp">
      <Filter>Source Files</Filter>
    </ClCompile>
    <ClCompile Include="..\rcbot2\bot_weapons.cpp">
      <Filter>Source Files</Filter>
    </ClCompile>
    <ClCompile Include="..\rcbot2\bot_wpt_dist.cpp">
      <Filter>Source Files</Filter>
    </ClCompile>
  </ItemGroup>
  <ItemGroup>
    <ClInclude Include="..\rcbot2\bot.h">
      <Filter>Header Files</Filter>
    </ClInclude>
    <ClInclude Include="..\rcbot2\bot_belief.h">
      <Filter>Header Files</Filter>
    </ClInclude>
    <ClInclude Include="..\rcbot2\bot_buttons.h">
      <Filter>Header Files</Filter>
    </ClInclude>
    <ClInclude Include="..\rcbot2\bot_client.h">
      <Filter>Header Files</Filter>
    </ClInclude>
    <ClInclude Include="..\rcbot2\bot_commands.h">
      <Filter>Header Files</Filter>
    </ClInclude>
    <ClInclude Include="..\rcbot2\bot_config.h">
      <Filter>Header Files</Filter>
    </ClInclude>
    <ClInclude Include="..\rcbot2\bot_configfile.h">
      <Filter>Header Files</Filter>
    </ClInclude>
    <ClInclude Include="..\rcbot2\bot_const.h">
      <Filter>Header Files</Filter>
    </ClInclude>
    <ClInclude Include="..\rcbot2\bot_cvars.h">
      <Filter>Header Files</Filter>
    </ClInclude>
    <ClInclude Include="..\rcbot2\bot_ehandle.h">
      <Filter>Header Files</Filter>
    </ClInclude>
    <ClInclude Include="..\rcbot2\bot_event.h">
      <Filter>Header Files</Filter>
    </ClInclude>
    <ClInclude Include="..\rcbot2\bot_fortress.h">
      <Filter>Header Files</Filter>
    </ClInclude>
    <ClInclude Include="..\rcbot2\bot_ga.h">
      <Filter>Header Files</Filter>
    </ClInclude>
    <ClInclude Include="..\rcbot2\bot_ga_ind.h">
      <Filter>Header Files</Filter>
    </ClInclude>
    <ClInclude Include="..\rcbot2\bot_genclass.h">
      <Filter>Header Files</Filter>
    </ClInclude>
    <ClInclude Include="..\rcbot2\bot_getprop.h">
      <Filter>Header Files</Filter>
    </ClInclude>
    <ClInclude Include="..\rcbot2\bot_globals.h">
      <Filter>Header Files</Filter>
    </ClInclude>
    <ClInclude Include="..\rcbot2\bot_hooks.h">
      <Filter>Header Files</Filter>
    </ClInclude>
    <ClInclude Include="..\rcbot2\bot_kv.h">
      <Filter>Header Files</Filter>
    </ClInclude>
    <ClInclude Include="..\rcbot2\bot_menu.h">
      <Filter>Header Files</Filter>
    </ClInclude>
    <ClInclude Include="..\rcbot2\bot_mods.h">
      <Filter>Header Files</Filter>
    </ClInclude>
    <ClInclude Include="..\rcbot2\bot_mtrand.h">
      <Filter>Header Files</Filter>
    </ClInclude>
    <ClInclude Include="..\rcbot2\bot_navigator.h">
      <Filter>Header Files</Filter>
    </ClInclude>
    <ClInclude Include="..\rcbot2\bot_perceptron.h">
      <Filter>Header Files</Filter>
    </ClInclude>
    <ClInclude Include="..\rcbot2\bot_plugin_meta.h">
      <Filter>Header Files</Filter>
    </ClInclude>
    <ClInclude Include="..\rcbot2\bot_profile.h">
      <Filter>Header Files</Filter>
    </ClInclude>
    <ClInclude Include="..\rcbot2\bot_profiling.h">
      <Filter>Header Files</Filter>
    </ClInclude>
    <ClInclude Include="..\rcbot2\bot_rb.h">
      <Filter>Header Files</Filter>
    </ClInclude>
    <ClInclude Include="..\rcbot2\bot_recipients.h">
      <Filter>Header Files</Filter>
    </ClInclude>
    <ClInclude Include="..\rcbot2\bot_schedule.h">
      <Filter>Header Files</Filter>
    </ClInclude>
    <ClInclude Include="..\rcbot2\bot_sigscan.h">
      <Filter>Header Files</Filter>
    </ClInclude>
    <ClInclude Include="..\rcbot2\bot_som.h">
      <Filter>Header Files</Filter>
    </ClInclude>
    <ClInclude Include="..\rcbot2\bot_squads.h">
      <Filter>Header Files</Filter>
    </ClInclude>
    <ClInclude Include="..\rcbot2\bot_strings.h">
      <Filter>Header Files</Filter>
    </ClInclude>
    <ClInclude Include="..\rcbot2\bot_task.h">
      <Filter>Header Files</Filter>
    </ClInclude>
    <ClInclude Include="..\rcbot2\bot_tf2_points.h">
      <Filter>Header Files</Filter>
    </ClInclude>
    <ClInclude Include="..\rcbot2\bot_utility.h">
      <Filter>Header Files</Filter>
    </ClInclude>
    <ClInclude Include="..\rcbot2\bot_visibles.h">
      <Filter>Header Files</Filter>
    </ClInclude>
    <ClInclude Include="..\rcbot2\bot_waypoint.h">
      <Filter>Header Files</Filter>
    </ClInclude>
    <ClInclude Include="..\rcbot2\bot_waypoint_locations.h">
      <Filter>Header Files</Filter>
    </ClInclude>
    <ClInclude Include="..\rcbot2\bot_waypoint_visibility.h">
      <Filter>Header Files</Filter>
    </ClInclude>
    <ClInclude Include="..\rcbot2\bot_weapons.h">
      <Filter>Header Files</Filter>
    </ClInclude>
    <ClInclude Include="..\rcbot2\bot_wpt_color.h">
      <Filter>Header Files</Filter>
    </ClInclude>
    <ClInclude Include="..\rcbot2\bot_wpt_dist.h">
      <Filter>Header Files</Filter>
    </ClInclude>
  </ItemGroup>
  <ItemGroup>
    <Library Include="..\lib\public\vstdlib.lib" />
    <Library Include="..\lib\public\tier2.lib" />
    <Library Include="..\lib\public\tier1.lib" />
    <Library Include="..\lib\public\tier0.lib" />
    <Library Include="..\lib\public\mathlib.lib" />
  </ItemGroup>
</Project>